github.com/bxcodec/faker/v3 v3.6.0 h1:Meuh+M6pQJsQJwxVALq6H5wpDzkZ4pStV9pmH7gbKKs=
github.com/bxcodec/faker/v3 v3.6.0/go.mod h1:gF31YgnMSMKgkvl+fyEo1xuSMbEuieyqfeslGYFjneM=
github.com/go-sql-driver/mysql v1.5.0 h1:ozyZYNQW3x3HtqT1jira07DN2PArx2v7/mN66gGcHOs=
github.com/go-sql-driver/mysql v1.5.0/go.mod h1:DCzpHaOWr8IXmIStZouvnhqoel9Qv2LBy8hT2VhHyBg=
